
Microsoft Visual Studio Solution File, Format Version 12.00
# Visual Studio Version 16
VisualStudioVersion = 16.0.28922.388
MinimumVisualStudioVersion = 10.0.40219.1
Project("{FAE04EC0-301F-11D3-BF4B-00C04F79EFBC}") = "NumNum", "NumNum\NumNum.csproj", "{BD1A254D-5739-4164-9860-2E2E8EF5845C}"
EndProject
Global
	GlobalSection(SolutionConfigurationPlatforms) = preSolution
		Debug|Any CPU = Debug|Any CPU
		Release|Any CPU = Release|Any CPU
	EndGlobalSection
	GlobalSection(ProjectConfigurationPlatforms) = postSolution
		{BD1A254D-5739-4164-9860-2E2E8EF5845C}.Debug|Any CPU.ActiveCfg = Debug|Any CPU
		{BD1A254D-5739-4164-9860-2E2E8EF5845C}.Debug|Any CPU.Build.0 = Debug|Any CPU
		{BD1A254D-5739-4164-9860-2E2E8EF5845C}.Release|Any CPU.ActiveCfg = Release|Any CPU
		{BD1A254D-5739-4164-9860-2E2E8EF5845C}.Release|Any CPU.Build.0 = Release|Any CPU
	EndGlobalSection
	GlobalSection(SolutionProperties) = preSolution
		HideSolutionNode = FALSE
	EndGlobalSection
	GlobalSection(ExtensibilityGlobals) = postSolution
		SolutionGuid = {3C1DE041-1B6B-4AD8-AFFD-CB0DDA83562C}
	EndGlobalSection
EndGlobal
